// !$*UTF8*$!
{
	archiveVersion = 1;
	classes = {
	};
	objectVersion = 48;
	objects = {

/* Begin PBXBuildFile section */
		52EAB0861F79E0EA0054B924 /* AppDelegate.swift in Sources */ = {isa = PBXBuildFile; fileRef = 52EAB0851F79E0EA0054B924 /* AppDelegate.swift */; };
		52EAB0881F79E0EA0054B924 /* ViewController.swift in Sources */ = {isa = PBXBuildFile; fileRef = 52EAB0871F79E0EA0054B924 /* ViewController.swift */; };
		52EAB08B1F79E0EA0054B924 /* Main.storyboard in Resources */ = {isa = PBXBuildFile; fileRef = 52EAB0891F79E0EA0054B924 /* Main.storyboard */; };
		52EAB08D1F79E0EA0054B924 /* Assets.xcassets in Resources */ = {isa = PBXBuildFile; fileRef = 52EAB08C1F79E0EA0054B924 /* Assets.xcassets */; };
		52EAB0901F79E0EA0054B924 /* LaunchScreen.storyboard in Resources */ = {isa = PBXBuildFile; fileRef = 52EAB08E1F79E0EA0054B924 /* LaunchScreen.storyboard */; };
/* End PBXBuildFile section */

/* Begin PBXContainerItemProxy section */
		52EAB0971F79E0EA0054B924 /* PBXContainerItemProxy */ = {
			isa = PBXContainerItemProxy;
			containerPortal = 52EAB07A1F79E0EA0054B924 /* Project object */;
			proxyType = 1;
			remoteGlobalIDString = 52EAB0811F79E0EA0054B924;
			remoteInfo = "uipickerview-photo-background";
		};
		52EAB0A21F79E0EA0054B924 /* PBXContainerItemProxy */ = {
			isa = PBXContainerItemProxy;
			containerPortal = 52EAB07A1F79E0EA0054B924 /* Project object */;
			proxyType = 1;
			remoteGlobalIDString = 52EAB0811F79E0EA0054B924;
			remoteInfo = "uipickerview-photo-background";
		};
/* End PBXContainerItemProxy section */

/* Begin PBXFileReference section */
		52EAB0821F79E0EA0054B924 /* uipickerview-photo-background.app */ = {isa = PBXFileReference; explicitFileType = wrapper.application; includeInIndex = 0; name = "uipickerview-photo-background.app"; path = "/Users/lylewaranch/Desktop/Development/iOS/uipickerview-photo-background/build/Debug-iphoneos/uipickerview-photo-background.app"; sourceTree = "<absolute>"; };
		52EAB0851F79E0EA0054B924 /* AppDelegate.swift */ = {isa = PBXFileReference; lastKnownFileType = sourcecode.swift; path = AppDelegate.swift; sourceTree = "<group>"; };
		52EAB0871F79E0EA0054B924 /* ViewController.swift */ = {isa = PBXFileReference; lastKnownFileType = sourcecode.swift; path = ViewController.swift; sourceTree = "<group>"; };
		52EAB08A1F79E0EA0054B924 /* Base */ = {isa = PBXFileReference; lastKnownFileType = file.storyboard; name = Base; path = Base.lproj/Main.storyboard; sourceTree = "<group>"; };
		52EAB08C1F79E0EA0054B924 /* Assets.xcassets */ = {isa = PBXFileReference; lastKnownFileType = folder.assetcatalog; path = Assets.xcassets; sourceTree = "<group>"; };
		52EAB08F1F79E0EA0054B924 /* Base */ = {isa = PBXFileReference; lastKnownFileType = file.storyboard; name = Base; path = Base.lproj/LaunchScreen.storyboard; sourceTree = "<group>"; };
		52EAB0911F79E0EA0054B924 /* Info.plist */ = {isa = PBXFileReference; lastKnownFileType = text.plist.xml; path = Info.plist; sourceTree = "<group>"; };
		52EAB0961F79E0EA0054B924 /* uipickerview-photo-backgroundTests.xctest */ = {isa = PBXFileReference; explicitFileType = wrapper.cfbundle; includeInIndex = 0; name = "uipickerview-photo-backgroundTests.xctest"; path = "/Users/lylewaranch/Desktop/Development/iOS/uipickerview-photo-background/build/Debug-iphoneos/uipickerview-photo-backgroundTests.xctest"; sourceTree = "<absolute>"; };
		52EAB0A11F79E0EA0054B924 /* uipickerview-photo-backgroundUITests.xctest */ = {isa = PBXFileReference; explicitFileType = wrapper.cfbundle; includeInIndex = 0; name = "uipickerview-photo-backgroundUITests.xctest"; path = "/Users/lylewaranch/Desktop/Development/iOS/uipickerview-photo-background/build/Debug-iphoneos/uipickerview-photo-backgroundUITests.xctest"; sourceTree = "<absolute>"; };
/* End PBXFileReference section */

/* Begin PBXFrameworksBuildPhase section */
		52EAB07F1F79E0EA0054B924 /* Frameworks */ = {
			isa = PBXFrameworksBuildPhase;
			buildActionMask = 2147483647;
			files = (
			);
			runOnlyForDeploymentPostprocessing = 0;
		};
		52EAB0931F79E0EA0054B924 /* Frameworks */ = {
			isa = PBXFrameworksBuildPhase;
			buildActionMask = 2147483647;
			files = (
			);
			runOnlyForDeploymentPostprocessing = 0;
		};
		52EAB09E1F79E0EA0054B924 /* Frameworks */ = {
			isa = PBXFrameworksBuildPhase;
			buildActionMask = 2147483647;
			files = (
			);
			runOnlyForDeploymentPostprocessing = 0;
		};
/* End PBXFrameworksBuildPhase section */

/* Begin PBXGroup section */
		52EAB0791F79E0EA0054B924 = {
			isa = PBXGroup;
			children = (
				52EAB0841F79E0EA0054B924 /* uipickerview-photo-background */,
			);
			sourceTree = "<group>";
		};
		52EAB0841F79E0EA0054B924 /* uipickerview-photo-background */ = {
			isa = PBXGroup;
			children = (
				52EAB0851F79E0EA0054B924 /* AppDelegate.swift */,
				52EAB0871F79E0EA0054B924 /* ViewController.swift */,
				52EAB0891F79E0EA0054B924 /* Main.storyboard */,
				52EAB08C1F79E0EA0054B924 /* Assets.xcassets */,
				52EAB08E1F79E0EA0054B924 /* LaunchScreen.storyboard */,
				52EAB0911F79E0EA0054B924 /* Info.plist */,
			);
			path = "uipickerview-photo-background";
			sourceTree = "<group>";
		};
/* End PBXGroup section */

/* Begin PBXNativeTarget section */
		52EAB0811F79E0EA0054B924 /* uipickerview-photo-background */ = {
			isa = PBXNativeTarget;
			buildConfigurationList = 52EAB0AA1F79E0EA0054B924 /* Build configuration list for PBXNativeTarget "uipickerview-photo-background" */;
			buildPhases = (
				52EAB07E1F79E0EA0054B924 /* Sources */,
				52EAB07F1F79E0EA0054B924 /* Frameworks */,
				52EAB0801F79E0EA0054B924 /* Resources */,
			);
			buildRules = (
			);
			dependencies = (
			);
			name = "uipickerview-photo-background";
			productName = "uipickerview-photo-background";
			productReference = 52EAB0821F79E0EA0054B924 /* uipickerview-photo-background.app */;
			productType = "com.apple.product-type.application";
		};
		52EAB0951F79E0EA0054B924 /* uipickerview-photo-backgroundTests */ = {
			isa = PBXNativeTarget;
			buildConfigurationList = 52EAB0AD1F79E0EA0054B924 /* Build configuration list for PBXNativeTarget "uipickerview-photo-backgroundTests" */;
			buildPhases = (
				52EAB0921F79E0EA0054B924 /* Sources */,
				52EAB0931F79E0EA0054B924 /* Frameworks */,
				52EAB0941F79E0EA0054B924 /* Resources */,
			);
			buildRules = (
			);
			dependencies = (
				52EAB0981F79E0EA0054B924 /* PBXTargetDependency */,
			);
			name = "uipickerview-photo-backgroundTests";
			productName = "uipickerview-photo-backgroundTests";
			productReference = 52EAB0961F79E0EA0054B924 /* uipickerview-photo-backgroundTests.xctest */;
			productType = "com.apple.product-type.bundle.unit-test";
		};
		52EAB0A01F79E0EA0054B924 /* uipickerview-photo-backgroundUITests */ = {
			isa = PBXNativeTarget;
			buildConfigurationList = 52EAB0B01F79E0EA0054B924 /* Build configuration list for PBXNativeTarget "uipickerview-photo-backgroundUITests" */;
			buildPhases = (
				52EAB09D1F79E0EA0054B924 /* Sources */,
				52EAB09E1F79E0EA0054B924 /* Frameworks */,
				52EAB09F1F79E0EA0054B924 /* Resources */,
			);
			buildRules = (
			);
			dependencies = (
				52EAB0A31F79E0EA0054B924 /* PBXTargetDependency */,
			);
			name = "uipickerview-photo-backgroundUITests";
			productName = "uipickerview-photo-backgroundUITests";
			productReference = 52EAB0A11F79E0EA0054B924 /* uipickerview-photo-backgroundUITests.xctest */;
			productType = "com.apple.product-type.bundle.ui-testing";
		};
/* End PBXNativeTarget section */

/* Begin PBXProject section */
		52EAB07A1F79E0EA0054B924 /* Project object */ = {
			isa = PBXProject;
			attributes = {
				LastSwiftUpdateCheck = 0900;
				LastUpgradeCheck = 0900;
				ORGANIZATIONNAME = "Lyle Waranch";
				TargetAttributes = {
					52EAB0811F79E0EA0054B924 = {
						CreatedOnToolsVersion = 9.0;
						ProvisioningStyle = Automatic;
					};
					52EAB0951F79E0EA0054B924 = {
						CreatedOnToolsVersion = 9.0;
						ProvisioningStyle = Automatic;
						TestTargetID = 52EAB0811F79E0EA0054B924;
					};
					52EAB0A01F79E0EA0054B924 = {
						CreatedOnToolsVersion = 9.0;
						ProvisioningStyle = Automatic;
						TestTargetID = 52EAB0811F79E0EA0054B924;
					};
				};
			};
			buildConfigurationList = 52EAB07D1F79E0EA0054B924 /* Build configuration list for PBXProject "uipickerview-photo-background" */;
			compatibilityVersion = "Xcode 8.0";
			developmentRegion = en;
			hasScannedForEncodings = 0;
			knownRegions = (
				en,
				Base,
			);
			mainGroup = 52EAB0791F79E0EA0054B924;
			productRefGroup = 52EAB0791F79E0EA0054B924;
			projectDirPath = "";
			projectRoot = "";
			targets = (
				52EAB0811F79E0EA0054B924 /* uipickerview-photo-background */,
				52EAB0951F79E0EA0054B924 /* uipickerview-photo-backgroundTests */,
				52EAB0A01F79E0EA0054B924 /* uipickerview-photo-backgroundUITests */,
			);
		};
/* End PBXProject section */

/* Begin PBXResourcesBuildPhase section */
		52EAB0801F79E0EA0054B924 /* Resources */ = {
			isa = PBXResourcesBuildPhase;
			buildActionMask = 2147483647;
			files = (
				52EAB0901F79E0EA0054B924 /* LaunchScreen.storyboard in Resources */,
				52EAB08D1F79E0EA0054B924 /* Assets.xcassets in Resources */,
				52EAB08B1F79E0EA0054B924 /* Main.storyboard in Resources */,
			);
			runOnlyForDeploymentPostprocessing = 0;
		};
		52EAB0941F79E0EA0054B924 /* Resources */ = {
			isa = PBXResourcesBuildPhase;
			buildActionMask = 2147483647;
			files = (
			);
			runOnlyForDeploymentPostprocessing = 0;
		};
		52EAB09F1F79E0EA0054B924 /* Resources */ = {
			isa = PBXResourcesBuildPhase;
			buildActionMask = 2147483647;
			files = (
			);
			runOnlyForDeploymentPostprocessing = 0;
		};
/* End PBXResourcesBuildPhase section */

/* Begin PBXSourcesBuildPhase section */
		52EAB07E1F79E0EA0054B924 /* Sources */ = {
			isa = PBXSourcesBuildPhase;
			buildActionMask = 2147483647;
			files = (
				52EAB0881F79E0EA0054B924 /* ViewController.swift in Sources */,
				52EAB0861F79E0EA0054B924 /* AppDelegate.swift in Sources */,
			);
			runOnlyForDeploymentPostprocessing = 0;
		};
		52EAB0921F79E0EA0054B924 /* Sources */ = {
			isa = PBXSourcesBuildPhase;
			buildActionMask = 2147483647;
			files = (
			);
			runOnlyForDeploymentPostprocessing = 0;
		};
		52EAB09D1F79E0EA0054B924 /* Sources */ = {
			isa = PBXSourcesBuildPhase;
			buildActionMask = 2147483647;
			files = (
			);
			runOnlyForDeploymentPostprocessing = 0;
		};
/* End PBXSourcesBuildPhase section */

/* Begin PBXTargetDependency section */
		52EAB0981F79E0EA0054B924 /* PBXTargetDependency */ = {
			isa = PBXTargetDependency;
			target = 52EAB0811F79E0EA0054B924 /* uipickerview-photo-background */;
			targetProxy = 52EAB0971F79E0EA0054B924 /* PBXContainerItemProxy */;
		};
		52EAB0A31F79E0EA0054B924 /* PBXTargetDependency */ = {
			isa = PBXTargetDependency;
			target = 52EAB0811F79E0EA0054B924 /* uipickerview-photo-background */;
			targetProxy = 52EAB0A21F79E0EA0054B924 /* PBXContainerItemProxy */;
		};
/* End PBXTargetDependency section */

/* Begin PBXVariantGroup section */
		52EAB0891F79E0EA0054B924 /* Main.storyboard */ = {
			isa = PBXVariantGroup;
			children = (
				52EAB08A1F79E0EA0054B924 /* Base */,
			);
			name = Main.storyboard;
			sourceTree = "<group>";
		};
		52EAB08E1F79E0EA0054B924 /* LaunchScreen.storyboard */ = {
			isa = PBXVariantGroup;
			children = (
				52EAB08F1F79E0EA0054B924 /* Base */,
			);
			name = LaunchScreen.storyboard;
			sourceTree = "<group>";
		};
/* End PBXVariantGroup section */

/* Begin XCBuildConfiguration section */
		52EAB0A81F79E0EA0054B924 /* Debug */ = {
			isa = XCBuildConfiguration;
			buildSettings = {
				ALWAYS_SEARCH_USER_PATHS = NO;
				CLANG_ANALYZER_NONNULL = YES;
				CLANG_ANALYZER_NUMBER_OBJECT_CONVERSION = YES_AGGRESSIVE;
				CLANG_CXX_LANGUAGE_STANDARD = "gnu++14";
				CLANG_CXX_LIBRARY = "libc++";
				CLANG_ENABLE_MODULES = YES;
				CLANG_ENABLE_OBJC_ARC = YES;
				CLANG_WARN_BLOCK_CAPTURE_AUTORELEASING = YES;
				CLANG_WARN_BOOL_CONVERSION = YES;
				CLANG_WARN_COMMA = YES;
				CLANG_WARN_CONSTANT_CONVERSION = YES;
				CLANG_WARN_DIRECT_OBJC_ISA_USAGE = YES_ERROR;
				CLANG_WARN_DOCUMENTATION_COMMENTS = YES;
				CLANG_WARN_EMPTY_BODY = YES;
				CLANG_WARN_ENUM_CONVERSION = YES;
				CLANG_WARN_INFINITE_RECURSION = YES;
				CLANG_WARN_INT_CONVERSION = YES;
				CLANG_WARN_NON_LITERAL_NULL_CONVERSION = YES;
				CLANG_WARN_OBJC_LITERAL_CONVERSION = YES;
				CLANG_WARN_OBJC_ROOT_CLASS = YES_ERROR;
				CLANG_WARN_RANGE_LOOP_ANALYSIS = YES;
				CLANG_WARN_STRICT_PROTOTYPES = YES;
				CLANG_WARN_SUSPICIOUS_MOVE = YES;
				CLANG_WARN_UNGUARDED_AVAILABILITY = YES_AGGRESSIVE;
				CLANG_WARN_UNREACHABLE_CODE = YES;
				CLANG_WARN__DUPLICATE_METHOD_MATCH = YES;
				CODE_SIGN_IDENTITY = "iPhone Developer";
				COPY_PHASE_STRIP = NO;
				DEBUG_INFORMATION_FORMAT = dwarf;
				ENABLE_STRICT_OBJC_MSGSEND = YES;
				ENABLE_TESTABILITY = YES;
				GCC_C_LANGUAGE_STANDARD = gnu11;
				GCC_DYNAMIC_NO_PIC = NO;
				GCC_NO_COMMON_BLOCKS = YES;
				GCC_OPTIMIZATION_LEVEL = 0;
				GCC_PREPROCESSOR_DEFINITIONS = (
					"DEBUG=1",
					"$(inherited)",
				);
				GCC_WARN_64_TO_32_BIT_CONVERSION = YES;
				GCC_WARN_ABOUT_RETURN_TYPE = YES_ERROR;
				GCC_WARN_UNDECLARED_SELECTOR = YES;
				GCC_WARN_UNINITIALIZED_AUTOS = YES_AGGRESSIVE;
				GCC_WARN_UNUSED_FUNCTION = YES;
				GCC_WARN_UNUSED_VARIABLE = YES;
				IPHONEOS_DEPLOYMENT_TARGET = 11.0;
				MTL_ENABLE_DEBUG_INFO = YES;
				ONLY_ACTIVE_ARCH = YES;
				SDKROOT = iphoneos;
				SWIFT_ACTIVE_COMPILATION_CONDITIONS = DEBUG;
				SWIFT_OPTIMIZATION_LEVEL = "-Onone";
			};
			name = Debug;
		};
		52EAB0A91F79E0EA0054B924 /* Release */ = {
			isa = XCBuildConfiguration;
			buildSettings = {
				ALWAYS_SEARCH_USER_PATHS = NO;
				CLANG_ANALYZER_NONNULL = YES;
				CLANG_ANALYZER_NUMBER_OBJECT_CONVERSION = YES_AGGRESSIVE;
				CLANG_CXX_LANGUAGE_STANDARD = "gnu++14";
				CLANG_CXX_LIBRARY = "libc++";
				CLANG_ENABLE_MODULES = YES;
				CLANG_ENABLE_OBJC_ARC = YES;
				CLANG_WARN_BLOCK_CAPTURE_AUTORELEASING = YES;
				CLANG_WARN_BOOL_CONVERSION = YES;
				CLANG_WARN_COMMA = YES;
				CLANG_WARN_CONSTANT_CONVERSION = YES;
				CLANG_WARN_DIRECT_OBJC_ISA_USAGE = YES_ERROR;
				CLANG_WARN_DOCUMENTATION_COMMENTS = YES;
				CLANG_WARN_EMPTY_BODY = YES;
				CLANG_WARN_ENUM_CONVERSION = YES;
				CLANG_WARN_INFINITE_RECURSION = YES;
				CLANG_WARN_INT_CONVERSION = YES;
				CLANG_WARN_NON_LITERAL_NULL_CONVERSION = YES;
				CLANG_WARN_OBJC_LITERAL_CONVERSION = YES;
				CLANG_WARN_OBJC_ROOT_CLASS = YES_ERROR;
				CLANG_WARN_RANGE_LOOP_ANALYSIS = YES;
				CLANG_WARN_STRICT_PROTOTYPES = YES;
				CLANG_WARN_SUSPICIOUS_MOVE = YES;
				CLANG_WARN_UNGUARDED_AVAILABILITY = YES_AGGRESSIVE;
				CLANG_WARN_UNREACHABLE_CODE = YES;
				CLANG_WARN__DUPLICATE_METHOD_MATCH = YES;
				CODE_SIGN_IDENTITY = "iPhone Developer";
				COPY_PHASE_STRIP = NO;
				DEBUG_INFORMATION_FORMAT = "dwarf-with-dsym";
				ENABLE_NS_ASSERTIONS = NO;
				ENABLE_STRICT_OBJC_MSGSEND = YES;
				GCC_C_LANGUAGE_STANDARD = gnu11;
				GCC_NO_COMMON_BLOCKS = YES;
				GCC_WARN_64_TO_32_BIT_CONVERSION = YES;
				GCC_WARN_ABOUT_RETURN_TYPE = YES_ERROR;
				GCC_WARN_UNDECLARED_SELECTOR = YES;
				GCC_WARN_UNINITIALIZED_AUTOS = YES_AGGRESSIVE;
				GCC_WARN_UNUSED_FUNCTION = YES;
				GCC_WARN_UNUSED_VARIABLE = YES;
				IPHONEOS_DEPLOYMENT_TARGET = 11.0;
				MTL_ENABLE_DEBUG_INFO = NO;
				SDKROOT = iphoneos;
				SWIFT_OPTIMIZATION_LEVEL = "-Owholemodule";
				VALIDATE_PRODUCT = YES;
			};
			name = Release;
		};
		52EAB0AB1F79E0EA0054B924 /* Debug */ = {
			isa = XCBuildConfiguration;
			buildSettings = {
				ASSETCATALOG_COMPILER_APPICON_NAME = AppIcon;
				CODE_SIGN_STYLE = Automatic;
				DEVELOPMENT_TEAM = GFUT9K8JBC;
				INFOPLIST_FILE = "uipickerview-photo-background/Info.plist";
				LD_RUNPATH_SEARCH_PATHS = "$(inherited) @executable_path/Frameworks";
				PRODUCT_BUNDLE_IDENTIFIER = "LyleWaranch.uipickerview-photo-background";
				PRODUCT_NAME = "$(TARGET_NAME)";
				SWIFT_VERSION = 4.0;
				TARGETED_DEVICE_FAMILY = "1,2";
			};
			name = Debug;
		};
		52EAB0AC1F79E0EA0054B924 /* Release */ = {
			isa = XCBuildConfiguration;
			buildSettings = {
				ASSETCATALOG_COMPILER_APPICON_NAME = AppIcon;
				CODE_SIGN_STYLE = Automatic;
				DEVELOPMENT_TEAM = GFUT9K8JBC;
				INFOPLIST_FILE = "uipickerview-photo-background/Info.plist";
				LD_RUNPATH_SEARCH_PATHS = "$(inherited) @executable_path/Frameworks";
				PRODUCT_BUNDLE_IDENTIFIER = "LyleWaranch.uipickerview-photo-background";
				PRODUCT_NAME = "$(TARGET_NAME)";
				SWIFT_VERSION = 4.0;
				TARGETED_DEVICE_FAMILY = "1,2";
			};
			name = Release;
		};
		52EAB0AE1F79E0EA0054B924 /* Debug */ = {
			isa = XCBuildConfiguration;
			buildSettings = {
				ALWAYS_EMBED_SWIFT_STANDARD_LIBRARIES = YES;
				BUNDLE_LOADER = "$(TEST_HOST)";
				CODE_SIGN_STYLE = Automatic;
				DEVELOPMENT_TEAM = GFUT9K8JBC;
				INFOPLIST_FILE = "uipickerview-photo-backgroundTests/Info.plist";
				LD_RUNPATH_SEARCH_PATHS = "$(inherited) @executable_path/Frameworks @loader_path/Frameworks";
				PRODUCT_BUNDLE_IDENTIFIER = "LyleWaranch.uipickerview-photo-backgroundTests";
				PRODUCT_NAME = "$(TARGET_NAME)";
				SWIFT_VERSION = 4.0;
				TARGETED_DEVICE_FAMILY = "1,2";
				TEST_HOST = "$(BUILT_PRODUCTS_DIR)/uipickerview-photo-background.app/uipickerview-photo-background";
			};
			name = Debug;
		};
		52EAB0AF1F79E0EA0054B924 /* Release */ = {
			isa = XCBuildConfiguration;
			buildSettings = {
				ALWAYS_EMBED_SWIFT_STANDARD_LIBRARIES = YES;
				BUNDLE_LOADER = "$(TEST_HOST)";
				CODE_SIGN_STYLE = Automatic;
				DEVELOPMENT_TEAM = GFUT9K8JBC;
				INFOPLIST_FILE = "uipickerview-photo-backgroundTests/Info.plist";
				LD_RUNPATH_SEARCH_PATHS = "$(inherited) @executable_path/Frameworks @loader_path/Frameworks";
				PRODUCT_BUNDLE_IDENTIFIER = "LyleWaranch.uipickerview-photo-backgroundTests";
				PRODUCT_NAME = "$(TARGET_NAME)";
				SWIFT_VERSION = 4.0;
				TARGETED_DEVICE_FAMILY = "1,2";
				TEST_HOST = "$(BUILT_PRODUCTS_DIR)/uipickerview-photo-background.app/uipickerview-photo-background";
			};
			name = Release;
		};
		52EAB0B11F79E0EA0054B924 /* Debug */ = {
			isa = XCBuildConfiguration;
			buildSettings = {
				ALWAYS_EMBED_SWIFT_STANDARD_LIBRARIES = YES;
				CODE_SIGN_STYLE = Automatic;
				DEVELOPMENT_TEAM = GFUT9K8JBC;
				INFOPLIST_FILE = "uipickerview-photo-backgroundUITests/Info.plist";
				LD_RUNPATH_SEARCH_PATHS = "$(inherited) @executable_path/Frameworks @loader_path/Frameworks";
				PRODUCT_BUNDLE_IDENTIFIER = "LyleWaranch.uipickerview-photo-backgroundUITests";
				PRODUCT_NAME = "$(TARGET_NAME)";
				SWIFT_VERSION = 4.0;
				TARGETED_DEVICE_FAMILY = "1,2";
				TEST_TARGET_NAME = "uipickerview-photo-background";
			};
			name = Debug;
		};
		52EAB0B21F79E0EA0054B924 /* Release */ = {
			isa = XCBuildConfiguration;
			buildSettings = {
				ALWAYS_EMBED_SWIFT_STANDARD_LIBRARIES = YES;
				CODE_SIGN_STYLE = Automatic;
				DEVELOPMENT_TEAM = GFUT9K8JBC;
				INFOPLIST_FILE = "uipickerview-photo-backgroundUITests/Info.plist";
				LD_RUNPATH_SEARCH_PATHS = "$(inherited) @executable_path/Frameworks @loader_path/Frameworks";
				PRODUCT_BUNDLE_IDENTIFIER = "LyleWaranch.uipickerview-photo-backgroundUITests";
				PRODUCT_NAME = "$(TARGET_NAME)";
				SWIFT_VERSION = 4.0;
				TARGETED_DEVICE_FAMILY = "1,2";
				TEST_TARGET_NAME = "uipickerview-photo-background";
			};
			name = Release;
		};
/* End XCBuildConfiguration section */

/* Begin XCConfigurationList section */
		52EAB07D1F79E0EA0054B924 /* Build configuration list for PBXProject "uipickerview-photo-background" */ = {
			isa = XCConfigurationList;
			buildConfigurations = (
				52EAB0A81F79E0EA0054B924 /* Debug */,
				52EAB0A91F79E0EA0054B924 /* Release */,
			);
			defaultConfigurationIsVisible = 0;
			defaultConfigurationName = Release;
		};
		52EAB0AA1F79E0EA0054B924 /* Build configuration list for PBXNativeTarget "uipickerview-photo-background" */ = {
			isa = XCConfigurationList;
			buildConfigurations = (
				52EAB0AB1F79E0EA0054B924 /* Debug */,
				52EAB0AC1F79E0EA0054B924 /* Release */,
			);
			defaultConfigurationIsVisible = 0;
			defaultConfigurationName = Release;
		};
		52EAB0AD1F79E0EA0054B924 /* Build configuration list for PBXNativeTarget "uipickerview-photo-backgroundTests" */ = {
			isa = XCConfigurationList;
			buildConfigurations = (
				52EAB0AE1F79E0EA0054B924 /* Debug */,
				52EAB0AF1F79E0EA0054B924 /* Release */,
			);
			defaultConfigurationIsVisible = 0;
			defaultConfigurationName = Release;
		};
		52EAB0B01F79E0EA0054B924 /* Build configuration list for PBXNativeTarget "uipickerview-photo-backgroundUITests" */ = {
			isa = XCConfigurationList;
			buildConfigurations = (
				52EAB0B11F79E0EA0054B924 /* Debug */,
				52EAB0B21F79E0EA0054B924 /* Release */,
			);
			defaultConfigurationIsVisible = 0;
			defaultConfigurationName = Release;
		};
/* End XCConfigurationList section */
	};
	rootObject = 52EAB07A1F79E0EA0054B924 /* Project object */;
}
